
Microsoft Visual Studio Solution File, Format Version 12.00
# Visual Studio Version 16
VisualStudioVersion = 16.0.31321.278
MinimumVisualStudioVersion = 10.0.40219.1
Project("{FAE04EC0-301F-11D3-BF4B-00C04F79EFBC}") = "CSharpHelpers", "CSharpHelpers\CSharpHelpers.csproj", "{0F07A5E2-0BAC-4DD7-B1A6-C11EB962D631}"
EndProject
Global
	GlobalSection(SolutionConfigurationPlatforms) = preSolution
		Debug|Any CPU = Debug|Any CPU
		Release|Any CPU = Release|Any CPU
	EndGlobalSection
	GlobalSection(ProjectConfigurationPlatforms) = postSolution
		{0F07A5E2-0BAC-4DD7-B1A6-C11EB962D631}.Debug|Any CPU.ActiveCfg = Debug|Any CPU
		{0F07A5E2-0BAC-4DD7-B1A6-C11EB962D631}.Debug|Any CPU.Build.0 = Debug|Any CPU
		{0F07A5E2-0BAC-4DD7-B1A6-C11EB962D631}.Release|Any CPU.ActiveCfg = Release|Any CPU
		{0F07A5E2-0BAC-4DD7-B1A6-C11EB962D631}.Release|Any CPU.Build.0 = Release|Any CPU
	EndGlobalSection
	GlobalSection(SolutionProperties) = preSolution
		HideSolutionNode = FALSE
	EndGlobalSection
	GlobalSection(ExtensibilityGlobals) = postSolution
		SolutionGuid = {622CFD1E-4836-4610-8B04-1CE0A289EF11}
	EndGlobalSection
EndGlobal
